{
  "name": "mlflow-extension",
  "version": "0.1.0",
  "lockfileVersion": 1,
  "requires": true,
  "dependencies": {
    "@jupyterlab/application": {
      "version": "0.19.1",
      "resolved": "https://registry.npmjs.org/@jupyterlab/application/-/application-0.19.1.tgz",
      "integrity": "sha512-SyfJyXmAPBtlJbvyuvMqOM6nIjsXDElXbDs+YKJRGET7pm3PZ85Zz3YZ1qyoJtH/CUcUQU1ihqqAHcm2H5MQ7w=="
    },
    "@jupyterlab/apputils": {
      "version": "0.19.1",
      "resolved": "https://registry.npmjs.org/@jupyterlab/apputils/-/apputils-0.19.1.tgz",
      "integrity": "sha512-//vajDyVyKwXU7qycRBJC37dljjWeya+YpJV3z5sSXgVBefEBZ0kcrJ92ugDSht4I4SRv6x+kw6K9mBXKaYu9Q=="
    },
    "@jupyterlab/mainmenu": {
      "version": "0.8.1",
      "resolved": "https://registry.npmjs.org/@jupyterlab/mainmenu/-/mainmenu-0.8.1.tgz",
      "integrity": "sha512-2HHaDLlVA77rYBL9OFx5BYvXH765HRkNZBiqN86i90aWqh164QD7F7C46qi58xTQRjWLKMGhgvxAdpy61AxhEA=="
    },
    "rimraf": {
      "version": "2.6.3",
      "resolved": "https://registry.npmjs.org/rimraf/-/rimraf-2.6.3.tgz",
      "integrity": "sha512-mwqeW5XsA2qAejG46gYdENaxXjx9onRNCfn7L0duuP4hCuTIi/QO7PDK07KJfp1d+izWPrzEJDcSqBa0OZQriA==",
      "dev": true
    },
    "typescript": {
      "version": "3.1.6",
      "resolved": "https://registry.npmjs.org/typescript/-/typescript-3.1.6.tgz",
      "integrity": "sha512-tDMYfVtvpb96msS1lDX9MEdHrW4yOuZ4Kdc4Him9oU796XldPYF/t2+uKoX0BBa0hXXwDlqYQbXY5Rzjzc5hBA==",
      "dev": true
    }
  }
}
